// !$*UTF8*$!
{
	archiveVersion = 1;
	classes = {
	};
	objectVersion = 50;
	objects = {

/* Begin PBXBuildFile section */
		B00DF3D4267B3C9100D2A8EA /* SignUpView.xib in Resources */ = {isa = PBXBuildFile; fileRef = B00DF3D3267B3C9100D2A8EA /* SignUpView.xib */; };
		B00DF3D6267B514600D2A8EA /* SignUpView.swift in Sources */ = {isa = PBXBuildFile; fileRef = B00DF3D5267B514600D2A8EA /* SignUpView.swift */; };
		B00DF3D9267B78A000D2A8EA /* UsersManager.swift in Sources */ = {isa = PBXBuildFile; fileRef = B00DF3D8267B78A000D2A8EA /* UsersManager.swift */; };
		B032A36226A9947900DFE2CF /* NewPhotoViewController.swift in Sources */ = {isa = PBXBuildFile; fileRef = B032A36126A9947900DFE2CF /* NewPhotoViewController.swift */; };
		B032A36426A994CF00DFE2CF /* ViewControllersFactory.swift in Sources */ = {isa = PBXBuildFile; fileRef = B032A36326A994CF00DFE2CF /* ViewControllersFactory.swift */; };
		B032A36626A9A88600DFE2CF /* FilesManager.swift in Sources */ = {isa = PBXBuildFile; fileRef = B032A36526A9A88600DFE2CF /* FilesManager.swift */; };
		B032A36826AAD9CE00DFE2CF /* ProfileViewController.swift in Sources */ = {isa = PBXBuildFile; fileRef = B032A36726AAD9CE00DFE2CF /* ProfileViewController.swift */; };
		B032A36A26AAE17200DFE2CF /* ImageCollectionViewCell.swift in Sources */ = {isa = PBXBuildFile; fileRef = B032A36926AAE17200DFE2CF /* ImageCollectionViewCell.swift */; };
		B0D16E2D26A3397300CA5FF9 /* GalleryViewController.swift in Sources */ = {isa = PBXBuildFile; fileRef = B0D16E2C26A3397300CA5FF9 /* GalleryViewController.swift */; };
		B0D16E2F26A33CF000CA5FF9 /* UIView+border.swift in Sources */ = {isa = PBXBuildFile; fileRef = B0D16E2E26A33CF000CA5FF9 /* UIView+border.swift */; };
		B0E7E6E426A82C2D0069C72C /* ImageTableViewCell.swift in Sources */ = {isa = PBXBuildFile; fileRef = B0E7E6E226A82C2D0069C72C /* ImageTableViewCell.swift */; };
		B0E7E6E526A82C2D0069C72C /* ImageTableViewCell.xib in Resources */ = {isa = PBXBuildFile; fileRef = B0E7E6E326A82C2D0069C72C /* ImageTableViewCell.xib */; };
		B0E7E6E826A8388B0069C72C /* User.swift in Sources */ = {isa = PBXBuildFile; fileRef = B0E7E6E726A8388B0069C72C /* User.swift */; };
		B0E7E6EA26A8389B0069C72C /* Image.swift in Sources */ = {isa = PBXBuildFile; fileRef = B0E7E6E926A8389B0069C72C /* Image.swift */; };
		B0E7E6EC26A838A60069C72C /* Comment.swift in Sources */ = {isa = PBXBuildFile; fileRef = B0E7E6EB26A838A60069C72C /* Comment.swift */; };
		B0E7E6F026A84F930069C72C /* CustomToolbar.swift in Sources */ = {isa = PBXBuildFile; fileRef = B0E7E6EF26A84F930069C72C /* CustomToolbar.swift */; };
		B0E7E6F226A84FB20069C72C /* CustomToolbar.xib in Resources */ = {isa = PBXBuildFile; fileRef = B0E7E6F126A84FB20069C72C /* CustomToolbar.xib */; };
		B0E7E6F426A850C10069C72C /* FriendsViewController.swift in Sources */ = {isa = PBXBuildFile; fileRef = B0E7E6F326A850C10069C72C /* FriendsViewController.swift */; };
		B0E7E6F826A85F3A0069C72C /* FriendTableViewCell.swift in Sources */ = {isa = PBXBuildFile; fileRef = B0E7E6F626A85F3A0069C72C /* FriendTableViewCell.swift */; };
		B0E7E6F926A85F3A0069C72C /* FriendTableViewCell.xib in Resources */ = {isa = PBXBuildFile; fileRef = B0E7E6F726A85F3A0069C72C /* FriendTableViewCell.xib */; };
		B0EC27E4267B147300C4460F /* LogInViewController.swift in Sources */ = {isa = PBXBuildFile; fileRef = B0EC27E3267B147300C4460F /* LogInViewController.swift */; };
		B0EC27E6267B149900C4460F /* LogInView.xib in Resources */ = {isa = PBXBuildFile; fileRef = B0EC27E5267B149900C4460F /* LogInView.xib */; };
		B0EC27E8267B1E7400C4460F /* LogInView.swift in Sources */ = {isa = PBXBuildFile; fileRef = B0EC27E7267B1E7300C4460F /* LogInView.swift */; };
		B0EC27EC267B2DB800C4460F /* UIView+FixInContainer.swift in Sources */ = {isa = PBXBuildFile; fileRef = B0EC27EB267B2DB800C4460F /* UIView+FixInContainer.swift */; };
		B0EEA7EA2679C54F00BF1166 /* AppDelegate.swift in Sources */ = {isa = PBXBuildFile; fileRef = B0EEA7E92679C54F00BF1166 /* AppDelegate.swift */; };
		B0EEA7EC2679C54F00BF1166 /* SceneDelegate.swift in Sources */ = {isa = PBXBuildFile; fileRef = B0EEA7EB2679C54F00BF1166 /* SceneDelegate.swift */; };
		B0EEA7F12679C54F00BF1166 /* Main.storyboard in Resources */ = {isa = PBXBuildFile; fileRef = B0EEA7EF2679C54F00BF1166 /* Main.storyboard */; };
		B0EEA7F32679C55100BF1166 /* Assets.xcassets in Resources */ = {isa = PBXBuildFile; fileRef = B0EEA7F22679C55100BF1166 /* Assets.xcassets */; };
		B0EEA7F62679C55100BF1166 /* LaunchScreen.storyboard in Resources */ = {isa = PBXBuildFile; fileRef = B0EEA7F42679C55100BF1166 /* LaunchScreen.storyboard */; };
		B0EEA8002679C58800BF1166 /* DefaultsKeys.swift in Sources */ = {isa = PBXBuildFile; fileRef = B0EEA7FF2679C58800BF1166 /* DefaultsKeys.swift */; };
		B0EEA8022679C68100BF1166 /* UserDefaults+enum.swift in Sources */ = {isa = PBXBuildFile; fileRef = B0EEA8012679C68100BF1166 /* UserDefaults+enum.swift */; };
		B0EEA8062679CA3300BF1166 /* AlertType.swift in Sources */ = {isa = PBXBuildFile; fileRef = B0EEA8052679CA3300BF1166 /* AlertType.swift */; };
/* End PBXBuildFile section */

/* Begin PBXFileReference section */
		B00DF3D3267B3C9100D2A8EA /* SignUpView.xib */ = {isa = PBXFileReference; lastKnownFileType = file.xib; path = SignUpView.xib; sourceTree = "<group>"; };
		B00DF3D5267B514600D2A8EA /* SignUpView.swift */ = {isa = PBXFileReference; lastKnownFileType = sourcecode.swift; path = SignUpView.swift; sourceTree = "<group>"; };
		B00DF3D8267B78A000D2A8EA /* UsersManager.swift */ = {isa = PBXFileReference; lastKnownFileType = sourcecode.swift; path = UsersManager.swift; sourceTree = "<group>"; };
		B032A36126A9947900DFE2CF /* NewPhotoViewController.swift */ = {isa = PBXFileReference; lastKnownFileType = sourcecode.swift; path = NewPhotoViewController.swift; sourceTree = "<group>"; };
		B032A36326A994CF00DFE2CF /* ViewControllersFactory.swift */ = {isa = PBXFileReference; lastKnownFileType = sourcecode.swift; path = ViewControllersFactory.swift; sourceTree = "<group>"; };
		B032A36526A9A88600DFE2CF /* FilesManager.swift */ = {isa = PBXFileReference; lastKnownFileType = sourcecode.swift; path = FilesManager.swift; sourceTree = "<group>"; };
		B032A36726AAD9CE00DFE2CF /* ProfileViewController.swift */ = {isa = PBXFileReference; lastKnownFileType = sourcecode.swift; path = ProfileViewController.swift; sourceTree = "<group>"; };
		B032A36926AAE17200DFE2CF /* ImageCollectionViewCell.swift */ = {isa = PBXFileReference; lastKnownFileType = sourcecode.swift; path = ImageCollectionViewCell.swift; sourceTree = "<group>"; };
		B0D16E2C26A3397300CA5FF9 /* GalleryViewController.swift */ = {isa = PBXFileReference; lastKnownFileType = sourcecode.swift; path = GalleryViewController.swift; sourceTree = "<group>"; };
		B0D16E2E26A33CF000CA5FF9 /* UIView+border.swift */ = {isa = PBXFileReference; lastKnownFileType = sourcecode.swift; path = "UIView+border.swift"; sourceTree = "<group>"; };
		B0E7E6E226A82C2D0069C72C /* ImageTableViewCell.swift */ = {isa = PBXFileReference; lastKnownFileType = sourcecode.swift; path = ImageTableViewCell.swift; sourceTree = "<group>"; };
		B0E7E6E326A82C2D0069C72C /* ImageTableViewCell.xib */ = {isa = PBXFileReference; lastKnownFileType = file.xib; path = ImageTableViewCell.xib; sourceTree = "<group>"; };
		B0E7E6E726A8388B0069C72C /* User.swift */ = {isa = PBXFileReference; lastKnownFileType = sourcecode.swift; path = User.swift; sourceTree = "<group>"; };
		B0E7E6E926A8389B0069C72C /* Image.swift */ = {isa = PBXFileReference; lastKnownFileType = sourcecode.swift; path = Image.swift; sourceTree = "<group>"; };
		B0E7E6EB26A838A60069C72C /* Comment.swift */ = {isa = PBXFileReference; lastKnownFileType = sourcecode.swift; path = Comment.swift; sourceTree = "<group>"; };
		B0E7E6EF26A84F930069C72C /* CustomToolbar.swift */ = {isa = PBXFileReference; lastKnownFileType = sourcecode.swift; path = CustomToolbar.swift; sourceTree = "<group>"; };
		B0E7E6F126A84FB20069C72C /* CustomToolbar.xib */ = {isa = PBXFileReference; lastKnownFileType = file.xib; path = CustomToolbar.xib; sourceTree = "<group>"; };
		B0E7E6F326A850C10069C72C /* FriendsViewController.swift */ = {isa = PBXFileReference; lastKnownFileType = sourcecode.swift; path = FriendsViewController.swift; sourceTree = "<group>"; };
		B0E7E6F626A85F3A0069C72C /* FriendTableViewCell.swift */ = {isa = PBXFileReference; lastKnownFileType = sourcecode.swift; path = FriendTableViewCell.swift; sourceTree = "<group>"; };
		B0E7E6F726A85F3A0069C72C /* FriendTableViewCell.xib */ = {isa = PBXFileReference; lastKnownFileType = file.xib; path = FriendTableViewCell.xib; sourceTree = "<group>"; };
		B0EC27E3267B147300C4460F /* LogInViewController.swift */ = {isa = PBXFileReference; lastKnownFileType = sourcecode.swift; path = LogInViewController.swift; sourceTree = "<group>"; };
		B0EC27E5267B149900C4460F /* LogInView.xib */ = {isa = PBXFileReference; lastKnownFileType = file.xib; path = LogInView.xib; sourceTree = "<group>"; };
		B0EC27E7267B1E7300C4460F /* LogInView.swift */ = {isa = PBXFileReference; lastKnownFileType = sourcecode.swift; path = LogInView.swift; sourceTree = "<group>"; };
		B0EC27EB267B2DB800C4460F /* UIView+FixInContainer.swift */ = {isa = PBXFileReference; lastKnownFileType = sourcecode.swift; path = "UIView+FixInContainer.swift"; sourceTree = "<group>"; };
		B0EEA7E62679C54F00BF1166 /* Homework_Gallery_2.0.app */ = {isa = PBXFileReference; explicitFileType = wrapper.application; includeInIndex = 0; path = Homework_Gallery_2.0.app; sourceTree = BUILT_PRODUCTS_DIR; };
		B0EEA7E92679C54F00BF1166 /* AppDelegate.swift */ = {isa = PBXFileReference; lastKnownFileType = sourcecode.swift; path = AppDelegate.swift; sourceTree = "<group>"; };
		B0EEA7EB2679C54F00BF1166 /* SceneDelegate.swift */ = {isa = PBXFileReference; lastKnownFileType = sourcecode.swift; path = SceneDelegate.swift; sourceTree = "<group>"; };
		B0EEA7F02679C54F00BF1166 /* Base */ = {isa = PBXFileReference; lastKnownFileType = file.storyboard; name = Base; path = Base.lproj/Main.storyboard; sourceTree = "<group>"; };
		B0EEA7F22679C55100BF1166 /* Assets.xcassets */ = {isa = PBXFileReference; lastKnownFileType = folder.assetcatalog; path = Assets.xcassets; sourceTree = "<group>"; };
		B0EEA7F52679C55100BF1166 /* Base */ = {isa = PBXFileReference; lastKnownFileType = file.storyboard; name = Base; path = Base.lproj/LaunchScreen.storyboard; sourceTree = "<group>"; };
		B0EEA7F72679C55100BF1166 /* Info.plist */ = {isa = PBXFileReference; lastKnownFileType = text.plist.xml; path = Info.plist; sourceTree = "<group>"; };
		B0EEA7FF2679C58800BF1166 /* DefaultsKeys.swift */ = {isa = PBXFileReference; lastKnownFileType = sourcecode.swift; path = DefaultsKeys.swift; sourceTree = "<group>"; };
		B0EEA8012679C68100BF1166 /* UserDefaults+enum.swift */ = {isa = PBXFileReference; lastKnownFileType = sourcecode.swift; path = "UserDefaults+enum.swift"; sourceTree = "<group>"; };
		B0EEA8052679CA3300BF1166 /* AlertType.swift */ = {isa = PBXFileReference; lastKnownFileType = sourcecode.swift; path = AlertType.swift; sourceTree = "<group>"; };
/* End PBXFileReference section */

/* Begin PBXFrameworksBuildPhase section */
		B0EEA7E32679C54F00BF1166 /* Frameworks */ = {
			isa = PBXFrameworksBuildPhase;
			buildActionMask = 2147483647;
			files = (
			);
			runOnlyForDeploymentPostprocessing = 0;
		};
/* End PBXFrameworksBuildPhase section */

/* Begin PBXGroup section */
		B00DF3D1267B3C5F00D2A8EA /* xib */ = {
			isa = PBXGroup;
			children = (
				B0E7E6F526A85F0A0069C72C /* FriendTableViewCell */,
				B0E7E6E126A82C0D0069C72C /* ImageTableViewCell */,
				B0E7E6EE26A84F490069C72C /* ToolbarView */,
				B00DF3D2267B3C6D00D2A8EA /* SignUpView */,
				B0EC27E9267B1E7B00C4460F /* LogInView */,
			);
			path = xib;
			sourceTree = "<group>";
		};
		B00DF3D2267B3C6D00D2A8EA /* SignUpView */ = {
			isa = PBXGroup;
			children = (
				B00DF3D3267B3C9100D2A8EA /* SignUpView.xib */,
				B00DF3D5267B514600D2A8EA /* SignUpView.swift */,
			);
			path = SignUpView;
			sourceTree = "<group>";
		};
		B00DF3D7267B770C00D2A8EA /* Controllers */ = {
			isa = PBXGroup;
			children = (
				B0EC27E3267B147300C4460F /* LogInViewController.swift */,
				B0D16E2C26A3397300CA5FF9 /* GalleryViewController.swift */,
				B0E7E6F326A850C10069C72C /* FriendsViewController.swift */,
				B032A36126A9947900DFE2CF /* NewPhotoViewController.swift */,
				B032A36726AAD9CE00DFE2CF /* ProfileViewController.swift */,
			);
			path = Controllers;
			sourceTree = "<group>";
		};
		B0E7E6E126A82C0D0069C72C /* ImageTableViewCell */ = {
			isa = PBXGroup;
			children = (
				B0E7E6E226A82C2D0069C72C /* ImageTableViewCell.swift */,
				B0E7E6E326A82C2D0069C72C /* ImageTableViewCell.xib */,
			);
			path = ImageTableViewCell;
			sourceTree = "<group>";
		};
		B0E7E6E626A838780069C72C /* Model */ = {
			isa = PBXGroup;
			children = (
				B0E7E6E726A8388B0069C72C /* User.swift */,
				B0E7E6E926A8389B0069C72C /* Image.swift */,
				B0E7E6EB26A838A60069C72C /* Comment.swift */,
			);
			path = Model;
			sourceTree = "<group>";
		};
		B0E7E6EE26A84F490069C72C /* ToolbarView */ = {
			isa = PBXGroup;
			children = (
				B0E7E6EF26A84F930069C72C /* CustomToolbar.swift */,
				B0E7E6F126A84FB20069C72C /* CustomToolbar.xib */,
			);
			path = ToolbarView;
			sourceTree = "<group>";
		};
		B0E7E6F526A85F0A0069C72C /* FriendTableViewCell */ = {
			isa = PBXGroup;
			children = (
				B0E7E6F626A85F3A0069C72C /* FriendTableViewCell.swift */,
				B0E7E6F726A85F3A0069C72C /* FriendTableViewCell.xib */,
			);
			path = FriendTableViewCell;
			sourceTree = "<group>";
		};
		B0EC27E9267B1E7B00C4460F /* LogInView */ = {
			isa = PBXGroup;
			children = (
				B0EC27E7267B1E7300C4460F /* LogInView.swift */,
				B0EC27E5267B149900C4460F /* LogInView.xib */,
			);
			path = LogInView;
			sourceTree = "<group>";
		};
		B0EC27EA267B2D6C00C4460F /* Extensions */ = {
			isa = PBXGroup;
			children = (
				B0EEA8012679C68100BF1166 /* UserDefaults+enum.swift */,
				B0EC27EB267B2DB800C4460F /* UIView+FixInContainer.swift */,
				B0D16E2E26A33CF000CA5FF9 /* UIView+border.swift */,
			);
			path = Extensions;
			sourceTree = "<group>";
		};
		B0EEA7DD2679C54F00BF1166 = {
			isa = PBXGroup;
			children = (
				B0EEA7E82679C54F00BF1166 /* Homework_Gallery_2.0 */,
				B0EEA7E72679C54F00BF1166 /* Products */,
			);
			sourceTree = "<group>";
		};
		B0EEA7E72679C54F00BF1166 /* Products */ = {
			isa = PBXGroup;
			children = (
				B0EEA7E62679C54F00BF1166 /* Homework_Gallery_2.0.app */,
			);
			name = Products;
			sourceTree = "<group>";
		};
		B0EEA7E82679C54F00BF1166 /* Homework_Gallery_2.0 */ = {
			isa = PBXGroup;
			children = (
				B0E7E6E626A838780069C72C /* Model */,
				B00DF3D7267B770C00D2A8EA /* Controllers */,
				B00DF3D1267B3C5F00D2A8EA /* xib */,
				B0EC27EA267B2D6C00C4460F /* Extensions */,
				B0EEA7E92679C54F00BF1166 /* AppDelegate.swift */,
				B032A36526A9A88600DFE2CF /* FilesManager.swift */,
				B00DF3D8267B78A000D2A8EA /* UsersManager.swift */,
				B0EEA7EB2679C54F00BF1166 /* SceneDelegate.swift */,
				B0EEA7FF2679C58800BF1166 /* DefaultsKeys.swift */,
				B0EEA8052679CA3300BF1166 /* AlertType.swift */,
				B032A36326A994CF00DFE2CF /* ViewControllersFactory.swift */,
				B032A36926AAE17200DFE2CF /* ImageCollectionViewCell.swift */,
				B0EEA7EF2679C54F00BF1166 /* Main.storyboard */,
				B0EEA7F22679C55100BF1166 /* Assets.xcassets */,
				B0EEA7F42679C55100BF1166 /* LaunchScreen.storyboard */,
				B0EEA7F72679C55100BF1166 /* Info.plist */,
			);
			path = Homework_Gallery_2.0;
			sourceTree = "<group>";
		};
/* End PBXGroup section */

/* Begin PBXNativeTarget section */
		B0EEA7E52679C54F00BF1166 /* Homework_Gallery_2.0 */ = {
			isa = PBXNativeTarget;
			buildConfigurationList = B0EEA7FA2679C55100BF1166 /* Build configuration list for PBXNativeTarget "Homework_Gallery_2.0" */;
			buildPhases = (
				B0EEA7E22679C54F00BF1166 /* Sources */,
				B0EEA7E32679C54F00BF1166 /* Frameworks */,
				B0EEA7E42679C54F00BF1166 /* Resources */,
			);
			buildRules = (
			);
			dependencies = (
			);
			name = Homework_Gallery_2.0;
			productName = Homework_Gallery_2.0;
			productReference = B0EEA7E62679C54F00BF1166 /* Homework_Gallery_2.0.app */;
			productType = "com.apple.product-type.application";
		};
/* End PBXNativeTarget section */

/* Begin PBXProject section */
		B0EEA7DE2679C54F00BF1166 /* Project object */ = {
			isa = PBXProject;
			attributes = {
				LastSwiftUpdateCheck = 1250;
				LastUpgradeCheck = 1250;
				TargetAttributes = {
					B0EEA7E52679C54F00BF1166 = {
						CreatedOnToolsVersion = 12.5;
					};
				};
			};
			buildConfigurationList = B0EEA7E12679C54F00BF1166 /* Build configuration list for PBXProject "Homework_Gallery_2.0" */;
			compatibilityVersion = "Xcode 9.3";
			developmentRegion = en;
			hasScannedForEncodings = 0;
			knownRegions = (
				en,
				Base,
			);
			mainGroup = B0EEA7DD2679C54F00BF1166;
			productRefGroup = B0EEA7E72679C54F00BF1166 /* Products */;
			projectDirPath = "";
			projectRoot = "";
			targets = (
				B0EEA7E52679C54F00BF1166 /* Homework_Gallery_2.0 */,
			);
		};
/* End PBXProject section */

/* Begin PBXResourcesBuildPhase section */
		B0EEA7E42679C54F00BF1166 /* Resources */ = {
			isa = PBXResourcesBuildPhase;
			buildActionMask = 2147483647;
			files = (
				B0EEA7F62679C55100BF1166 /* LaunchScreen.storyboard in Resources */,
				B0EEA7F32679C55100BF1166 /* Assets.xcassets in Resources */,
				B0E7E6F226A84FB20069C72C /* CustomToolbar.xib in Resources */,
				B0E7E6F926A85F3A0069C72C /* FriendTableViewCell.xib in Resources */,
				B0EC27E6267B149900C4460F /* LogInView.xib in Resources */,
				B0E7E6E526A82C2D0069C72C /* ImageTableViewCell.xib in Resources */,
				B00DF3D4267B3C9100D2A8EA /* SignUpView.xib in Resources */,
				B0EEA7F12679C54F00BF1166 /* Main.storyboard in Resources */,
			);
			runOnlyForDeploymentPostprocessing = 0;
		};
/* End PBXResourcesBuildPhase section */

/* Begin PBXSourcesBuildPhase section */
		B0EEA7E22679C54F00BF1166 /* Sources */ = {
			isa = PBXSourcesBuildPhase;
			buildActionMask = 2147483647;
			files = (
				B0EC27E8267B1E7400C4460F /* LogInView.swift in Sources */,
				B0D16E2D26A3397300CA5FF9 /* GalleryViewController.swift in Sources */,
				B0EEA8002679C58800BF1166 /* DefaultsKeys.swift in Sources */,
				B032A36426A994CF00DFE2CF /* ViewControllersFactory.swift in Sources */,
				B00DF3D9267B78A000D2A8EA /* UsersManager.swift in Sources */,
				B0EC27E4267B147300C4460F /* LogInViewController.swift in Sources */,
				B0E7E6F826A85F3A0069C72C /* FriendTableViewCell.swift in Sources */,
				B00DF3D6267B514600D2A8EA /* SignUpView.swift in Sources */,
				B0EEA8062679CA3300BF1166 /* AlertType.swift in Sources */,
				B0EC27EC267B2DB800C4460F /* UIView+FixInContainer.swift in Sources */,
				B032A36626A9A88600DFE2CF /* FilesManager.swift in Sources */,
				B0D16E2F26A33CF000CA5FF9 /* UIView+border.swift in Sources */,
				B0EEA7EA2679C54F00BF1166 /* AppDelegate.swift in Sources */,
				B032A36226A9947900DFE2CF /* NewPhotoViewController.swift in Sources */,
				B0E7E6EA26A8389B0069C72C /* Image.swift in Sources */,
				B032A36826AAD9CE00DFE2CF /* ProfileViewController.swift in Sources */,
				B0EEA7EC2679C54F00BF1166 /* SceneDelegate.swift in Sources */,
				B0E7E6EC26A838A60069C72C /* Comment.swift in Sources */,
				B032A36A26AAE17200DFE2CF /* ImageCollectionViewCell.swift in Sources */,
				B0E7E6E826A8388B0069C72C /* User.swift in Sources */,
				B0EEA8022679C68100BF1166 /* UserDefaults+enum.swift in Sources */,
				B0E7E6F426A850C10069C72C /* FriendsViewController.swift in Sources */,
				B0E7E6E426A82C2D0069C72C /* ImageTableViewCell.swift in Sources */,
				B0E7E6F026A84F930069C72C /* CustomToolbar.swift in Sources */,
			);
			runOnlyForDeploymentPostprocessing = 0;
		};
/* End PBXSourcesBuildPhase section */

/* Begin PBXVariantGroup section */
		B0EEA7EF2679C54F00BF1166 /* Main.storyboard */ = {
			isa = PBXVariantGroup;
			children = (
				B0EEA7F02679C54F00BF1166 /* Base */,
			);
			name = Main.storyboard;
			sourceTree = "<group>";
		};
		B0EEA7F42679C55100BF1166 /* LaunchScreen.storyboard */ = {
			isa = PBXVariantGroup;
			children = (
				B0EEA7F52679C55100BF1166 /* Base */,
			);
			name = LaunchScreen.storyboard;
			sourceTree = "<group>";
		};
/* End PBXVariantGroup section */

/* Begin XCBuildConfiguration section */
		B0EEA7F82679C55100BF1166 /* Debug */ = {
			isa = XCBuildConfiguration;
			buildSettings = {
				ALWAYS_SEARCH_USER_PATHS = NO;
				CLANG_ANALYZER_NONNULL = YES;
				CLANG_ANALYZER_NUMBER_OBJECT_CONVERSION = YES_AGGRESSIVE;
				CLANG_CXX_LANGUAGE_STANDARD = "gnu++14";
				CLANG_CXX_LIBRARY = "libc++";
				CLANG_ENABLE_MODULES = YES;
				CLANG_ENABLE_OBJC_ARC = YES;
				CLANG_ENABLE_OBJC_WEAK = YES;
				CLANG_WARN_BLOCK_CAPTURE_AUTORELEASING = YES;
				CLANG_WARN_BOOL_CONVERSION = YES;
				CLANG_WARN_COMMA = YES;
				CLANG_WARN_CONSTANT_CONVERSION = YES;
				CLANG_WARN_DEPRECATED_OBJC_IMPLEMENTATIONS = YES;
				CLANG_WARN_DIRECT_OBJC_ISA_USAGE = YES_ERROR;
				CLANG_WARN_DOCUMENTATION_COMMENTS = YES;
				CLANG_WARN_EMPTY_BODY = YES;
				CLANG_WARN_ENUM_CONVERSION = YES;
				CLANG_WARN_INFINITE_RECURSION = YES;
				CLANG_WARN_INT_CONVERSION = YES;
				CLANG_WARN_NON_LITERAL_NULL_CONVERSION = YES;
				CLANG_WARN_OBJC_IMPLICIT_RETAIN_SELF = YES;
				CLANG_WARN_OBJC_LITERAL_CONVERSION = YES;
				CLANG_WARN_OBJC_ROOT_CLASS = YES_ERROR;
				CLANG_WARN_QUOTED_INCLUDE_IN_FRAMEWORK_HEADER = YES;
				CLANG_WARN_RANGE_LOOP_ANALYSIS = YES;
				CLANG_WARN_STRICT_PROTOTYPES = YES;
				CLANG_WARN_SUSPICIOUS_MOVE = YES;
				CLANG_WARN_UNGUARDED_AVAILABILITY = YES_AGGRESSIVE;
				CLANG_WARN_UNREACHABLE_CODE = YES;
				CLANG_WARN__DUPLICATE_METHOD_MATCH = YES;
				COPY_PHASE_STRIP = NO;
				DEBUG_INFORMATION_FORMAT = dwarf;
				ENABLE_STRICT_OBJC_MSGSEND = YES;
				ENABLE_TESTABILITY = YES;
				GCC_C_LANGUAGE_STANDARD = gnu11;
				GCC_DYNAMIC_NO_PIC = NO;
				GCC_NO_COMMON_BLOCKS = YES;
				GCC_OPTIMIZATION_LEVEL = 0;
				GCC_PREPROCESSOR_DEFINITIONS = (
					"DEBUG=1",
					"$(inherited)",
				);
				GCC_WARN_64_TO_32_BIT_CONVERSION = YES;
				GCC_WARN_ABOUT_RETURN_TYPE = YES_ERROR;
				GCC_WARN_UNDECLARED_SELECTOR = YES;
				GCC_WARN_UNINITIALIZED_AUTOS = YES_AGGRESSIVE;
				GCC_WARN_UNUSED_FUNCTION = YES;
				GCC_WARN_UNUSED_VARIABLE = YES;
				IPHONEOS_DEPLOYMENT_TARGET = 14.5;
				MTL_ENABLE_DEBUG_INFO = INCLUDE_SOURCE;
				MTL_FAST_MATH = YES;
				ONLY_ACTIVE_ARCH = YES;
				SDKROOT = iphoneos;
				SWIFT_ACTIVE_COMPILATION_CONDITIONS = DEBUG;
				SWIFT_OPTIMIZATION_LEVEL = "-Onone";
			};
			name = Debug;
		};
		B0EEA7F92679C55100BF1166 /* Release */ = {
			isa = XCBuildConfiguration;
			buildSettings = {
				ALWAYS_SEARCH_USER_PATHS = NO;
				CLANG_ANALYZER_NONNULL = YES;
				CLANG_ANALYZER_NUMBER_OBJECT_CONVERSION = YES_AGGRESSIVE;
				CLANG_CXX_LANGUAGE_STANDARD = "gnu++14";
				CLANG_CXX_LIBRARY = "libc++";
				CLANG_ENABLE_MODULES = YES;
				CLANG_ENABLE_OBJC_ARC = YES;
				CLANG_ENABLE_OBJC_WEAK = YES;
				CLANG_WARN_BLOCK_CAPTURE_AUTORELEASING = YES;
				CLANG_WARN_BOOL_CONVERSION = YES;
				CLANG_WARN_COMMA = YES;
				CLANG_WARN_CONSTANT_CONVERSION = YES;
				CLANG_WARN_DEPRECATED_OBJC_IMPLEMENTATIONS = YES;
				CLANG_WARN_DIRECT_OBJC_ISA_USAGE = YES_ERROR;
				CLANG_WARN_DOCUMENTATION_COMMENTS = YES;
				CLANG_WARN_EMPTY_BODY = YES;
				CLANG_WARN_ENUM_CONVERSION = YES;
				CLANG_WARN_INFINITE_RECURSION = YES;
				CLANG_WARN_INT_CONVERSION = YES;
				CLANG_WARN_NON_LITERAL_NULL_CONVERSION = YES;
				CLANG_WARN_OBJC_IMPLICIT_RETAIN_SELF = YES;
				CLANG_WARN_OBJC_LITERAL_CONVERSION = YES;
				CLANG_WARN_OBJC_ROOT_CLASS = YES_ERROR;
				CLANG_WARN_QUOTED_INCLUDE_IN_FRAMEWORK_HEADER = YES;
				CLANG_WARN_RANGE_LOOP_ANALYSIS = YES;
				CLANG_WARN_STRICT_PROTOTYPES = YES;
				CLANG_WARN_SUSPICIOUS_MOVE = YES;
				CLANG_WARN_UNGUARDED_AVAILABILITY = YES_AGGRESSIVE;
				CLANG_WARN_UNREACHABLE_CODE = YES;
				CLANG_WARN__DUPLICATE_METHOD_MATCH = YES;
				COPY_PHASE_STRIP = NO;
				DEBUG_INFORMATION_FORMAT = "dwarf-with-dsym";
				ENABLE_NS_ASSERTIONS = NO;
				ENABLE_STRICT_OBJC_MSGSEND = YES;
				GCC_C_LANGUAGE_STANDARD = gnu11;
				GCC_NO_COMMON_BLOCKS = YES;
				GCC_WARN_64_TO_32_BIT_CONVERSION = YES;
				GCC_WARN_ABOUT_RETURN_TYPE = YES_ERROR;
				GCC_WARN_UNDECLARED_SELECTOR = YES;
				GCC_WARN_UNINITIALIZED_AUTOS = YES_AGGRESSIVE;
				GCC_WARN_UNUSED_FUNCTION = YES;
				GCC_WARN_UNUSED_VARIABLE = YES;
				IPHONEOS_DEPLOYMENT_TARGET = 14.5;
				MTL_ENABLE_DEBUG_INFO = NO;
				MTL_FAST_MATH = YES;
				SDKROOT = iphoneos;
				SWIFT_COMPILATION_MODE = wholemodule;
				SWIFT_OPTIMIZATION_LEVEL = "-O";
				VALIDATE_PRODUCT = YES;
			};
			name = Release;
		};
		B0EEA7FB2679C55100BF1166 /* Debug */ = {
			isa = XCBuildConfiguration;
			buildSettings = {
				ASSETCATALOG_COMPILER_APPICON_NAME = AppIcon;
				ASSETCATALOG_COMPILER_GLOBAL_ACCENT_COLOR_NAME = AccentColor;
				CODE_SIGN_STYLE = Automatic;
				DEVELOPMENT_TEAM = SSDHB2CNTR;
				INFOPLIST_FILE = Homework_Gallery_2.0/Info.plist;
				LD_RUNPATH_SEARCH_PATHS = (
					"$(inherited)",
					"@executable_path/Frameworks",
				);
				PRODUCT_BUNDLE_IDENTIFIER = "com.atrakhimovich.www.Homework-Gallery-2-0";
				PRODUCT_NAME = "$(TARGET_NAME)";
				SWIFT_VERSION = 5.0;
				TARGETED_DEVICE_FAMILY = "1,2";
			};
			name = Debug;
		};
		B0EEA7FC2679C55100BF1166 /* Release */ = {
			isa = XCBuildConfiguration;
			buildSettings = {
				ASSETCATALOG_COMPILER_APPICON_NAME = AppIcon;
				ASSETCATALOG_COMPILER_GLOBAL_ACCENT_COLOR_NAME = AccentColor;
				CODE_SIGN_STYLE = Automatic;
				DEVELOPMENT_TEAM = SSDHB2CNTR;
				INFOPLIST_FILE = Homework_Gallery_2.0/Info.plist;
				LD_RUNPATH_SEARCH_PATHS = (
					"$(inherited)",
					"@executable_path/Frameworks",
				);
				PRODUCT_BUNDLE_IDENTIFIER = "com.atrakhimovich.www.Homework-Gallery-2-0";
				PRODUCT_NAME = "$(TARGET_NAME)";
				SWIFT_VERSION = 5.0;
				TARGETED_DEVICE_FAMILY = "1,2";
			};
			name = Release;
		};
/* End XCBuildConfiguration section */

/* Begin XCConfigurationList section */
		B0EEA7E12679C54F00BF1166 /* Build configuration list for PBXProject "Homework_Gallery_2.0" */ = {
			isa = XCConfigurationList;
			buildConfigurations = (
				B0EEA7F82679C55100BF1166 /* Debug */,
				B0EEA7F92679C55100BF1166 /* Release */,
			);
			defaultConfigurationIsVisible = 0;
			defaultConfigurationName = Release;
		};
		B0EEA7FA2679C55100BF1166 /* Build configuration list for PBXNativeTarget "Homework_Gallery_2.0" */ = {
			isa = XCConfigurationList;
			buildConfigurations = (
				B0EEA7FB2679C55100BF1166 /* Debug */,
				B0EEA7FC2679C55100BF1166 /* Release */,
			);
			defaultConfigurationIsVisible = 0;
			defaultConfigurationName = Release;
		};
/* End XCConfigurationList section */
	};
	rootObject = B0EEA7DE2679C54F00BF1166 /* Project object */;
}
